// !$*UTF8*$!
{
	archiveVersion = 1;
	classes = {
	};
	objectVersion = 50;
	objects = {

/* Begin PBXBuildFile section */
		9D0CF61725F0938600987A5D /* UIBarButtonItem+Extension.swift in Sources */ = {isa = PBXBuildFile; fileRef = 9D0CF61625F0938600987A5D /* UIBarButtonItem+Extension.swift */; };
		9D11A43525E73B6A0060AB11 /* BaseTableViewController.swift in Sources */ = {isa = PBXBuildFile; fileRef = 9D11A43425E73B6A0060AB11 /* BaseTableViewController.swift */; };
		9D11A43925E73C350060AB11 /* VisitorView.swift in Sources */ = {isa = PBXBuildFile; fileRef = 9D11A43825E73C350060AB11 /* VisitorView.swift */; };
		9D11A43D25E73D3F0060AB11 /* VisitorView.xib in Resources */ = {isa = PBXBuildFile; fileRef = 9D11A43C25E73D3F0060AB11 /* VisitorView.xib */; };
		9D6C615C25E5E42800FF6040 /* UIButton+Extension.swift in Sources */ = {isa = PBXBuildFile; fileRef = 9D6C615B25E5E42800FF6040 /* UIButton+Extension.swift */; };
		9D6C615E25E5F03800FF6040 /* Main.storyboard in Resources */ = {isa = PBXBuildFile; fileRef = 9D6C615D25E5F03800FF6040 /* Main.storyboard */; };
		9D6C616025E5F33700FF6040 /* Home.storyboard in Resources */ = {isa = PBXBuildFile; fileRef = 9D6C615F25E5F33700FF6040 /* Home.storyboard */; };
		9D6C616225E5F34D00FF6040 /* Message.storyboard in Resources */ = {isa = PBXBuildFile; fileRef = 9D6C616125E5F34D00FF6040 /* Message.storyboard */; };
		9D6C616625E5F37500FF6040 /* Discover.storyboard in Resources */ = {isa = PBXBuildFile; fileRef = 9D6C616525E5F37500FF6040 /* Discover.storyboard */; };
		9D6C616825E5F3A900FF6040 /* Profile.storyboard in Resources */ = {isa = PBXBuildFile; fileRef = 9D6C616725E5F3A900FF6040 /* Profile.storyboard */; };
		9D6C61A625E5F8E400FF6040 /* Null.storyboard in Resources */ = {isa = PBXBuildFile; fileRef = 9D6C61A525E5F8E400FF6040 /* Null.storyboard */; };
		9D6E43FC25E4942A00231A57 /* AppDelegate.swift in Sources */ = {isa = PBXBuildFile; fileRef = 9D6E43FB25E4942A00231A57 /* AppDelegate.swift */; };
		9D6E43FE25E4942A00231A57 /* SceneDelegate.swift in Sources */ = {isa = PBXBuildFile; fileRef = 9D6E43FD25E4942A00231A57 /* SceneDelegate.swift */; };
		9D6E440225E4942C00231A57 /* Assets.xcassets in Resources */ = {isa = PBXBuildFile; fileRef = 9D6E440125E4942C00231A57 /* Assets.xcassets */; };
		9D6E440525E4942C00231A57 /* Preview Assets.xcassets in Resources */ = {isa = PBXBuildFile; fileRef = 9D6E440425E4942C00231A57 /* Preview Assets.xcassets */; };
		9D6E441325E4942C00231A57 /* weibo_v1_0Tests.swift in Sources */ = {isa = PBXBuildFile; fileRef = 9D6E441225E4942C00231A57 /* weibo_v1_0Tests.swift */; };
		9D6E441E25E4942C00231A57 /* weibo_v1_0UITests.swift in Sources */ = {isa = PBXBuildFile; fileRef = 9D6E441D25E4942C00231A57 /* weibo_v1_0UITests.swift */; };
		9D6E443125E494AF00231A57 /* MainViewController.swift in Sources */ = {isa = PBXBuildFile; fileRef = 9D6E443025E494AF00231A57 /* MainViewController.swift */; };
		9D6E443325E494C600231A57 /* HomeTableViewController.swift in Sources */ = {isa = PBXBuildFile; fileRef = 9D6E443225E494C600231A57 /* HomeTableViewController.swift */; };
		9D6E443725E494F500231A57 /* ProfileTableViewController.swift in Sources */ = {isa = PBXBuildFile; fileRef = 9D6E443625E494F500231A57 /* ProfileTableViewController.swift */; };
		9D6E443B25E4951C00231A57 /* DiscoverTableViewController.swift in Sources */ = {isa = PBXBuildFile; fileRef = 9D6E443A25E4951C00231A57 /* DiscoverTableViewController.swift */; };
		9D6E443D25E496CE00231A57 /* TestLog.swift in Sources */ = {isa = PBXBuildFile; fileRef = 9D6E443C25E496CE00231A57 /* TestLog.swift */; };
		9D6E444025E49CD700231A57 /* MessageTableViewController.swift in Sources */ = {isa = PBXBuildFile; fileRef = 9D6E443F25E49CD700231A57 /* MessageTableViewController.swift */; };
		9D6E444525E4AB6000231A57 /* MainVCSettings.json in Resources */ = {isa = PBXBuildFile; fileRef = 9D6E444325E4AB6000231A57 /* MainVCSettings.json */; };
		9D6E444625E4AB6000231A57 /* NullViewController.swift in Sources */ = {isa = PBXBuildFile; fileRef = 9D6E444425E4AB6000231A57 /* NullViewController.swift */; };
/* End PBXBuildFile section */

/* Begin PBXContainerItemProxy section */
		9D6E440F25E4942C00231A57 /* PBXContainerItemProxy */ = {
			isa = PBXContainerItemProxy;
			containerPortal = 9D6E43F025E4942A00231A57 /* Project object */;
			proxyType = 1;
			remoteGlobalIDString = 9D6E43F725E4942A00231A57;
			remoteInfo = weibo_v1.0;
		};
		9D6E441A25E4942C00231A57 /* PBXContainerItemProxy */ = {
			isa = PBXContainerItemProxy;
			containerPortal = 9D6E43F025E4942A00231A57 /* Project object */;
			proxyType = 1;
			remoteGlobalIDString = 9D6E43F725E4942A00231A57;
			remoteInfo = weibo_v1.0;
		};
/* End PBXContainerItemProxy section */

/* Begin PBXFileReference section */
		9D0CF61625F0938600987A5D /* UIBarButtonItem+Extension.swift */ = {isa = PBXFileReference; lastKnownFileType = sourcecode.swift; path = "UIBarButtonItem+Extension.swift"; sourceTree = "<group>"; };
		9D11A43425E73B6A0060AB11 /* BaseTableViewController.swift */ = {isa = PBXFileReference; lastKnownFileType = sourcecode.swift; path = BaseTableViewController.swift; sourceTree = "<group>"; };
		9D11A43825E73C350060AB11 /* VisitorView.swift */ = {isa = PBXFileReference; lastKnownFileType = sourcecode.swift; path = VisitorView.swift; sourceTree = "<group>"; };
		9D11A43C25E73D3F0060AB11 /* VisitorView.xib */ = {isa = PBXFileReference; lastKnownFileType = file.xib; path = VisitorView.xib; sourceTree = "<group>"; };
		9D6C615B25E5E42800FF6040 /* UIButton+Extension.swift */ = {isa = PBXFileReference; lastKnownFileType = sourcecode.swift; path = "UIButton+Extension.swift"; sourceTree = "<group>"; };
		9D6C615D25E5F03800FF6040 /* Main.storyboard */ = {isa = PBXFileReference; lastKnownFileType = file.storyboard; path = Main.storyboard; sourceTree = "<group>"; };
		9D6C615F25E5F33700FF6040 /* Home.storyboard */ = {isa = PBXFileReference; fileEncoding = 4; lastKnownFileType = file.storyboard; path = Home.storyboard; sourceTree = "<group>"; };
		9D6C616125E5F34D00FF6040 /* Message.storyboard */ = {isa = PBXFileReference; fileEncoding = 4; lastKnownFileType = file.storyboard; path = Message.storyboard; sourceTree = "<group>"; };
		9D6C616525E5F37500FF6040 /* Discover.storyboard */ = {isa = PBXFileReference; fileEncoding = 4; lastKnownFileType = file.storyboard; path = Discover.storyboard; sourceTree = "<group>"; };
		9D6C616725E5F3A900FF6040 /* Profile.storyboard */ = {isa = PBXFileReference; fileEncoding = 4; lastKnownFileType = file.storyboard; path = Profile.storyboard; sourceTree = "<group>"; };
		9D6C61A525E5F8E400FF6040 /* Null.storyboard */ = {isa = PBXFileReference; lastKnownFileType = file.storyboard; path = Null.storyboard; sourceTree = "<group>"; };
		9D6E43F825E4942A00231A57 /* Weibo.app */ = {isa = PBXFileReference; explicitFileType = wrapper.application; includeInIndex = 0; path = Weibo.app; sourceTree = BUILT_PRODUCTS_DIR; };
		9D6E43FB25E4942A00231A57 /* AppDelegate.swift */ = {isa = PBXFileReference; lastKnownFileType = sourcecode.swift; path = AppDelegate.swift; sourceTree = "<group>"; };
		9D6E43FD25E4942A00231A57 /* SceneDelegate.swift */ = {isa = PBXFileReference; lastKnownFileType = sourcecode.swift; path = SceneDelegate.swift; sourceTree = "<group>"; };
		9D6E440125E4942C00231A57 /* Assets.xcassets */ = {isa = PBXFileReference; lastKnownFileType = folder.assetcatalog; path = Assets.xcassets; sourceTree = "<group>"; };
		9D6E440425E4942C00231A57 /* Preview Assets.xcassets */ = {isa = PBXFileReference; lastKnownFileType = folder.assetcatalog; path = "Preview Assets.xcassets"; sourceTree = "<group>"; };
		9D6E440925E4942C00231A57 /* Info.plist */ = {isa = PBXFileReference; lastKnownFileType = text.plist.xml; path = Info.plist; sourceTree = "<group>"; };
		9D6E440E25E4942C00231A57 /* weibo_v1.0Tests.xctest */ = {isa = PBXFileReference; explicitFileType = wrapper.cfbundle; includeInIndex = 0; path = weibo_v1.0Tests.xctest; sourceTree = BUILT_PRODUCTS_DIR; };
		9D6E441225E4942C00231A57 /* weibo_v1_0Tests.swift */ = {isa = PBXFileReference; lastKnownFileType = sourcecode.swift; path = weibo_v1_0Tests.swift; sourceTree = "<group>"; };
		9D6E441425E4942C00231A57 /* Info.plist */ = {isa = PBXFileReference; lastKnownFileType = text.plist.xml; path = Info.plist; sourceTree = "<group>"; };
		9D6E441925E4942C00231A57 /* weibo_v1.0UITests.xctest */ = {isa = PBXFileReference; explicitFileType = wrapper.cfbundle; includeInIndex = 0; path = weibo_v1.0UITests.xctest; sourceTree = BUILT_PRODUCTS_DIR; };
		9D6E441D25E4942C00231A57 /* weibo_v1_0UITests.swift */ = {isa = PBXFileReference; lastKnownFileType = sourcecode.swift; path = weibo_v1_0UITests.swift; sourceTree = "<group>"; };
		9D6E441F25E4942C00231A57 /* Info.plist */ = {isa = PBXFileReference; lastKnownFileType = text.plist.xml; path = Info.plist; sourceTree = "<group>"; };
		9D6E443025E494AF00231A57 /* MainViewController.swift */ = {isa = PBXFileReference; lastKnownFileType = sourcecode.swift; path = MainViewController.swift; sourceTree = "<group>"; };
		9D6E443225E494C600231A57 /* HomeTableViewController.swift */ = {isa = PBXFileReference; lastKnownFileType = sourcecode.swift; path = HomeTableViewController.swift; sourceTree = "<group>"; };
		9D6E443625E494F500231A57 /* ProfileTableViewController.swift */ = {isa = PBXFileReference; lastKnownFileType = sourcecode.swift; path = ProfileTableViewController.swift; sourceTree = "<group>"; };
		9D6E443A25E4951C00231A57 /* DiscoverTableViewController.swift */ = {isa = PBXFileReference; lastKnownFileType = sourcecode.swift; path = DiscoverTableViewController.swift; sourceTree = "<group>"; };
		9D6E443C25E496CE00231A57 /* TestLog.swift */ = {isa = PBXFileReference; lastKnownFileType = sourcecode.swift; path = TestLog.swift; sourceTree = "<group>"; };
		9D6E443F25E49CD700231A57 /* MessageTableViewController.swift */ = {isa = PBXFileReference; lastKnownFileType = sourcecode.swift; path = MessageTableViewController.swift; sourceTree = "<group>"; };
		9D6E444325E4AB6000231A57 /* MainVCSettings.json */ = {isa = PBXFileReference; fileEncoding = 4; lastKnownFileType = text.json; path = MainVCSettings.json; sourceTree = "<group>"; };
		9D6E444425E4AB6000231A57 /* NullViewController.swift */ = {isa = PBXFileReference; fileEncoding = 4; lastKnownFileType = sourcecode.swift; path = NullViewController.swift; sourceTree = "<group>"; };
/* End PBXFileReference section */

/* Begin PBXFrameworksBuildPhase section */
		9D6E43F525E4942A00231A57 /* Frameworks */ = {
			isa = PBXFrameworksBuildPhase;
			buildActionMask = 2147483647;
			files = (
			);
			runOnlyForDeploymentPostprocessing = 0;
		};
		9D6E440B25E4942C00231A57 /* Frameworks */ = {
			isa = PBXFrameworksBuildPhase;
			buildActionMask = 2147483647;
			files = (
			);
			runOnlyForDeploymentPostprocessing = 0;
		};
		9D6E441625E4942C00231A57 /* Frameworks */ = {
			isa = PBXFrameworksBuildPhase;
			buildActionMask = 2147483647;
			files = (
			);
			runOnlyForDeploymentPostprocessing = 0;
		};
/* End PBXFrameworksBuildPhase section */

/* Begin PBXGroup section */
		9D6E43EF25E4942A00231A57 = {
			isa = PBXGroup;
			children = (
				9D6E43FA25E4942A00231A57 /* weibo_v1.0 */,
				9D6E441125E4942C00231A57 /* weibo_v1.0Tests */,
				9D6E441C25E4942C00231A57 /* weibo_v1.0UITests */,
				9D6E43F925E4942A00231A57 /* Products */,
			);
			sourceTree = "<group>";
		};
		9D6E43F925E4942A00231A57 /* Products */ = {
			isa = PBXGroup;
			children = (
				9D6E43F825E4942A00231A57 /* Weibo.app */,
				9D6E440E25E4942C00231A57 /* weibo_v1.0Tests.xctest */,
				9D6E441925E4942C00231A57 /* weibo_v1.0UITests.xctest */,
			);
			name = Products;
			sourceTree = "<group>";
		};
		9D6E43FA25E4942A00231A57 /* weibo_v1.0 */ = {
			isa = PBXGroup;
			children = (
				9D6E444125E4A86000231A57 /* classes */,
				9D6E43FB25E4942A00231A57 /* AppDelegate.swift */,
				9D6E43FD25E4942A00231A57 /* SceneDelegate.swift */,
				9D6E443C25E496CE00231A57 /* TestLog.swift */,
				9D6E440125E4942C00231A57 /* Assets.xcassets */,
				9D6E440925E4942C00231A57 /* Info.plist */,
				9D6E440325E4942C00231A57 /* Preview Content */,
			);
			path = weibo_v1.0;
			sourceTree = "<group>";
		};
		9D6E440325E4942C00231A57 /* Preview Content */ = {
			isa = PBXGroup;
			children = (
				9D6E440425E4942C00231A57 /* Preview Assets.xcassets */,
			);
			path = "Preview Content";
			sourceTree = "<group>";
		};
		9D6E441125E4942C00231A57 /* weibo_v1.0Tests */ = {
			isa = PBXGroup;
			children = (
				9D6E441225E4942C00231A57 /* weibo_v1_0Tests.swift */,
				9D6E441425E4942C00231A57 /* Info.plist */,
			);
			path = weibo_v1.0Tests;
			sourceTree = "<group>";
		};
		9D6E441C25E4942C00231A57 /* weibo_v1.0UITests */ = {
			isa = PBXGroup;
			children = (
				9D6E441D25E4942C00231A57 /* weibo_v1_0UITests.swift */,
				9D6E441F25E4942C00231A57 /* Info.plist */,
			);
			path = weibo_v1.0UITests;
			sourceTree = "<group>";
		};
		9D6E442B25E4943A00231A57 /* Main */ = {
			isa = PBXGroup;
			children = (
				9D6E444225E4AB6000231A57 /* Resource */,
				9D6E443025E494AF00231A57 /* MainViewController.swift */,
				9D11A43C25E73D3F0060AB11 /* VisitorView.xib */,
				9D11A43825E73C350060AB11 /* VisitorView.swift */,
				9D6C615D25E5F03800FF6040 /* Main.storyboard */,
				9D6C61A525E5F8E400FF6040 /* Null.storyboard */,
				9D11A43425E73B6A0060AB11 /* BaseTableViewController.swift */,
			);
			path = Main;
			sourceTree = "<group>";
		};
		9D6E442C25E4943C00231A57 /* Home */ = {
			isa = PBXGroup;
			children = (
				9D6C615F25E5F33700FF6040 /* Home.storyboard */,
				9D6E443225E494C600231A57 /* HomeTableViewController.swift */,
			);
			path = Home;
			sourceTree = "<group>";
		};
		9D6E442D25E4943F00231A57 /* Tools */ = {
			isa = PBXGroup;
			children = (
				9D6C615B25E5E42800FF6040 /* UIButton+Extension.swift */,
				9D0CF61625F0938600987A5D /* UIBarButtonItem+Extension.swift */,
			);
			path = Tools;
			sourceTree = "<group>";
		};
		9D6E442E25E4944100231A57 /* Compose */ = {
			isa = PBXGroup;
			children = (
			);
			path = Compose;
			sourceTree = "<group>";
		};
		9D6E442F25E4948F00231A57 /* Discover */ = {
			isa = PBXGroup;
			children = (
				9D6C616525E5F37500FF6040 /* Discover.storyboard */,
				9D6E443A25E4951C00231A57 /* DiscoverTableViewController.swift */,
			);
			path = Discover;
			sourceTree = "<group>";
		};
		9D6E443525E494D700231A57 /* Profile */ = {
			isa = PBXGroup;
			children = (
				9D6C616725E5F3A900FF6040 /* Profile.storyboard */,
				9D6E443625E494F500231A57 /* ProfileTableViewController.swift */,
			);
			path = Profile;
			sourceTree = "<group>";
		};
		9D6E443E25E49CC600231A57 /* Message */ = {
			isa = PBXGroup;
			children = (
				9D6C616125E5F34D00FF6040 /* Message.storyboard */,
				9D6E443F25E49CD700231A57 /* MessageTableViewController.swift */,
			);
			path = Message;
			sourceTree = "<group>";
		};
		9D6E444125E4A86000231A57 /* classes */ = {
			isa = PBXGroup;
			children = (
				9D6E443E25E49CC600231A57 /* Message */,
				9D6E443525E494D700231A57 /* Profile */,
				9D6E442F25E4948F00231A57 /* Discover */,
				9D6E442E25E4944100231A57 /* Compose */,
				9D6E442D25E4943F00231A57 /* Tools */,
				9D6E442C25E4943C00231A57 /* Home */,
				9D6E442B25E4943A00231A57 /* Main */,
			);
			path = classes;
			sourceTree = "<group>";
		};
		9D6E444225E4AB6000231A57 /* Resource */ = {
			isa = PBXGroup;
			children = (
				9D6E444325E4AB6000231A57 /* MainVCSettings.json */,
				9D6E444425E4AB6000231A57 /* NullViewController.swift */,
			);
			path = Resource;
			sourceTree = "<group>";
		};
/* End PBXGroup section */

/* Begin PBXNativeTarget section */
		9D6E43F725E4942A00231A57 /* weibo_v1.0 */ = {
			isa = PBXNativeTarget;
			buildConfigurationList = 9D6E442225E4942C00231A57 /* Build configuration list for PBXNativeTarget "weibo_v1.0" */;
			buildPhases = (
				9D6E43F425E4942A00231A57 /* Sources */,
				9D6E43F525E4942A00231A57 /* Frameworks */,
				9D6E43F625E4942A00231A57 /* Resources */,
			);
			buildRules = (
			);
			dependencies = (
			);
			name = weibo_v1.0;
			productName = weibo_v1.0;
			productReference = 9D6E43F825E4942A00231A57 /* Weibo.app */;
			productType = "com.apple.product-type.application";
		};
		9D6E440D25E4942C00231A57 /* weibo_v1.0Tests */ = {
			isa = PBXNativeTarget;
			buildConfigurationList = 9D6E442525E4942C00231A57 /* Build configuration list for PBXNativeTarget "weibo_v1.0Tests" */;
			buildPhases = (
				9D6E440A25E4942C00231A57 /* Sources */,
				9D6E440B25E4942C00231A57 /* Frameworks */,
				9D6E440C25E4942C00231A57 /* Resources */,
			);
			buildRules = (
			);
			dependencies = (
				9D6E441025E4942C00231A57 /* PBXTargetDependency */,
			);
			name = weibo_v1.0Tests;
			productName = weibo_v1.0Tests;
			productReference = 9D6E440E25E4942C00231A57 /* weibo_v1.0Tests.xctest */;
			productType = "com.apple.product-type.bundle.unit-test";
		};
		9D6E441825E4942C00231A57 /* weibo_v1.0UITests */ = {
			isa = PBXNativeTarget;
			buildConfigurationList = 9D6E442825E4942C00231A57 /* Build configuration list for PBXNativeTarget "weibo_v1.0UITests" */;
			buildPhases = (
				9D6E441525E4942C00231A57 /* Sources */,
				9D6E441625E4942C00231A57 /* Frameworks */,
				9D6E441725E4942C00231A57 /* Resources */,
			);
			buildRules = (
			);
			dependencies = (
				9D6E441B25E4942C00231A57 /* PBXTargetDependency */,
			);
			name = weibo_v1.0UITests;
			productName = weibo_v1.0UITests;
			productReference = 9D6E441925E4942C00231A57 /* weibo_v1.0UITests.xctest */;
			productType = "com.apple.product-type.bundle.ui-testing";
		};
/* End PBXNativeTarget section */

/* Begin PBXProject section */
		9D6E43F025E4942A00231A57 /* Project object */ = {
			isa = PBXProject;
			attributes = {
				LastSwiftUpdateCheck = 1130;
				LastUpgradeCheck = 1130;
				ORGANIZATIONNAME = "Xiangrui Li";
				TargetAttributes = {
					9D6E43F725E4942A00231A57 = {
						CreatedOnToolsVersion = 11.3.1;
					};
					9D6E440D25E4942C00231A57 = {
						CreatedOnToolsVersion = 11.3.1;
						TestTargetID = 9D6E43F725E4942A00231A57;
					};
					9D6E441825E4942C00231A57 = {
						CreatedOnToolsVersion = 11.3.1;
						TestTargetID = 9D6E43F725E4942A00231A57;
					};
				};
			};
			buildConfigurationList = 9D6E43F325E4942A00231A57 /* Build configuration list for PBXProject "weibo_v1.0" */;
			compatibilityVersion = "Xcode 9.3";
			developmentRegion = en;
			hasScannedForEncodings = 0;
			knownRegions = (
				en,
				Base,
			);
			mainGroup = 9D6E43EF25E4942A00231A57;
			productRefGroup = 9D6E43F925E4942A00231A57 /* Products */;
			projectDirPath = "";
			projectRoot = "";
			targets = (
				9D6E43F725E4942A00231A57 /* weibo_v1.0 */,
				9D6E440D25E4942C00231A57 /* weibo_v1.0Tests */,
				9D6E441825E4942C00231A57 /* weibo_v1.0UITests */,
			);
		};
/* End PBXProject section */

/* Begin PBXResourcesBuildPhase section */
		9D6E43F625E4942A00231A57 /* Resources */ = {
			isa = PBXResourcesBuildPhase;
			buildActionMask = 2147483647;
			files = (
				9D6C616625E5F37500FF6040 /* Discover.storyboard in Resources */,
				9D11A43D25E73D3F0060AB11 /* VisitorView.xib in Resources */,
				9D6E440525E4942C00231A57 /* Preview Assets.xcassets in Resources */,
				9D6C616025E5F33700FF6040 /* Home.storyboard in Resources */,
				9D6E440225E4942C00231A57 /* Assets.xcassets in Resources */,
				9D6E444525E4AB6000231A57 /* MainVCSettings.json in Resources */,
				9D6C61A625E5F8E400FF6040 /* Null.storyboard in Resources */,
				9D6C616825E5F3A900FF6040 /* Profile.storyboard in Resources */,
				9D6C616225E5F34D00FF6040 /* Message.storyboard in Resources */,
				9D6C615E25E5F03800FF6040 /* Main.storyboard in Resources */,
			);
			runOnlyForDeploymentPostprocessing = 0;
		};
		9D6E440C25E4942C00231A57 /* Resources */ = {
			isa = PBXResourcesBuildPhase;
			buildActionMask = 2147483647;
			files = (
			);
			runOnlyForDeploymentPostprocessing = 0;
		};
		9D6E441725E4942C00231A57 /* Resources */ = {
			isa = PBXResourcesBuildPhase;
			buildActionMask = 2147483647;
			files = (
			);
			runOnlyForDeploymentPostprocessing = 0;
		};
/* End PBXResourcesBuildPhase section */

/* Begin PBXSourcesBuildPhase section */
		9D6E43F425E4942A00231A57 /* Sources */ = {
			isa = PBXSourcesBuildPhase;
			buildActionMask = 2147483647;
			files = (
				9D6E443325E494C600231A57 /* HomeTableViewController.swift in Sources */,
				9D6E443725E494F500231A57 /* ProfileTableViewController.swift in Sources */,
				9D6E443D25E496CE00231A57 /* TestLog.swift in Sources */,
				9D11A43925E73C350060AB11 /* VisitorView.swift in Sources */,
				9D6C615C25E5E42800FF6040 /* UIButton+Extension.swift in Sources */,
				9D6E443125E494AF00231A57 /* MainViewController.swift in Sources */,
				9D6E444625E4AB6000231A57 /* NullViewController.swift in Sources */,
				9D6E43FC25E4942A00231A57 /* AppDelegate.swift in Sources */,
				9D6E443B25E4951C00231A57 /* DiscoverTableViewController.swift in Sources */,
				9D6E444025E49CD700231A57 /* MessageTableViewController.swift in Sources */,
				9D11A43525E73B6A0060AB11 /* BaseTableViewController.swift in Sources */,
				9D6E43FE25E4942A00231A57 /* SceneDelegate.swift in Sources */,
				9D0CF61725F0938600987A5D /* UIBarButtonItem+Extension.swift in Sources */,
			);
			runOnlyForDeploymentPostprocessing = 0;
		};
		9D6E440A25E4942C00231A57 /* Sources */ = {
			isa = PBXSourcesBuildPhase;
			buildActionMask = 2147483647;
			files = (
				9D6E441325E4942C00231A57 /* weibo_v1_0Tests.swift in Sources */,
			);
			runOnlyForDeploymentPostprocessing = 0;
		};
		9D6E441525E4942C00231A57 /* Sources */ = {
			isa = PBXSourcesBuildPhase;
			buildActionMask = 2147483647;
			files = (
				9D6E441E25E4942C00231A57 /* weibo_v1_0UITests.swift in Sources */,
			);
			runOnlyForDeploymentPostprocessing = 0;
		};
/* End PBXSourcesBuildPhase section */

/* Begin PBXTargetDependency section */
		9D6E441025E4942C00231A57 /* PBXTargetDependency */ = {
			isa = PBXTargetDependency;
			target = 9D6E43F725E4942A00231A57 /* weibo_v1.0 */;
			targetProxy = 9D6E440F25E4942C00231A57 /* PBXContainerItemProxy */;
		};
		9D6E441B25E4942C00231A57 /* PBXTargetDependency */ = {
			isa = PBXTargetDependency;
			target = 9D6E43F725E4942A00231A57 /* weibo_v1.0 */;
			targetProxy = 9D6E441A25E4942C00231A57 /* PBXContainerItemProxy */;
		};
/* End PBXTargetDependency section */

/* Begin XCBuildConfiguration section */
		9D6E442025E4942C00231A57 /* Debug */ = {
			isa = XCBuildConfiguration;
			buildSettings = {
				ALWAYS_SEARCH_USER_PATHS = NO;
				CLANG_ANALYZER_NONNULL = YES;
				CLANG_ANALYZER_NUMBER_OBJECT_CONVERSION = YES_AGGRESSIVE;
				CLANG_CXX_LANGUAGE_STANDARD = "gnu++14";
				CLANG_CXX_LIBRARY = "libc++";
				CLANG_ENABLE_MODULES = YES;
				CLANG_ENABLE_OBJC_ARC = YES;
				CLANG_ENABLE_OBJC_WEAK = YES;
				CLANG_WARN_BLOCK_CAPTURE_AUTORELEASING = YES;
				CLANG_WARN_BOOL_CONVERSION = YES;
				CLANG_WARN_COMMA = YES;
				CLANG_WARN_CONSTANT_CONVERSION = YES;
				CLANG_WARN_DEPRECATED_OBJC_IMPLEMENTATIONS = YES;
				CLANG_WARN_DIRECT_OBJC_ISA_USAGE = YES_ERROR;
				CLANG_WARN_DOCUMENTATION_COMMENTS = YES;
				CLANG_WARN_EMPTY_BODY = YES;
				CLANG_WARN_ENUM_CONVERSION = YES;
				CLANG_WARN_INFINITE_RECURSION = YES;
				CLANG_WARN_INT_CONVERSION = YES;
				CLANG_WARN_NON_LITERAL_NULL_CONVERSION = YES;
				CLANG_WARN_OBJC_IMPLICIT_RETAIN_SELF = YES;
				CLANG_WARN_OBJC_LITERAL_CONVERSION = YES;
				CLANG_WARN_OBJC_ROOT_CLASS = YES_ERROR;
				CLANG_WARN_RANGE_LOOP_ANALYSIS = YES;
				CLANG_WARN_STRICT_PROTOTYPES = YES;
				CLANG_WARN_SUSPICIOUS_MOVE = YES;
				CLANG_WARN_UNGUARDED_AVAILABILITY = YES_AGGRESSIVE;
				CLANG_WARN_UNREACHABLE_CODE = YES;
				CLANG_WARN__DUPLICATE_METHOD_MATCH = YES;
				COPY_PHASE_STRIP = NO;
				DEBUG_INFORMATION_FORMAT = dwarf;
				ENABLE_STRICT_OBJC_MSGSEND = YES;
				ENABLE_TESTABILITY = YES;
				GCC_C_LANGUAGE_STANDARD = gnu11;
				GCC_DYNAMIC_NO_PIC = NO;
				GCC_NO_COMMON_BLOCKS = YES;
				GCC_OPTIMIZATION_LEVEL = 0;
				GCC_PREPROCESSOR_DEFINITIONS = (
					"DEBUG=1",
					"$(inherited)",
				);
				GCC_WARN_64_TO_32_BIT_CONVERSION = YES;
				GCC_WARN_ABOUT_RETURN_TYPE = YES_ERROR;
				GCC_WARN_UNDECLARED_SELECTOR = YES;
				GCC_WARN_UNINITIALIZED_AUTOS = YES_AGGRESSIVE;
				GCC_WARN_UNUSED_FUNCTION = YES;
				GCC_WARN_UNUSED_VARIABLE = YES;
				IPHONEOS_DEPLOYMENT_TARGET = 13.2;
				MTL_ENABLE_DEBUG_INFO = INCLUDE_SOURCE;
				MTL_FAST_MATH = YES;
				ONLY_ACTIVE_ARCH = YES;
				SDKROOT = iphoneos;
				SWIFT_ACTIVE_COMPILATION_CONDITIONS = DEBUG;
				SWIFT_OPTIMIZATION_LEVEL = "-Onone";
			};
			name = Debug;
		};
		9D6E442125E4942C00231A57 /* Release */ = {
			isa = XCBuildConfiguration;
			buildSettings = {
				ALWAYS_SEARCH_USER_PATHS = NO;
				CLANG_ANALYZER_NONNULL = YES;
				CLANG_ANALYZER_NUMBER_OBJECT_CONVERSION = YES_AGGRESSIVE;
				CLANG_CXX_LANGUAGE_STANDARD = "gnu++14";
				CLANG_CXX_LIBRARY = "libc++";
				CLANG_ENABLE_MODULES = YES;
				CLANG_ENABLE_OBJC_ARC = YES;
				CLANG_ENABLE_OBJC_WEAK = YES;
				CLANG_WARN_BLOCK_CAPTURE_AUTORELEASING = YES;
				CLANG_WARN_BOOL_CONVERSION = YES;
				CLANG_WARN_COMMA = YES;
				CLANG_WARN_CONSTANT_CONVERSION = YES;
				CLANG_WARN_DEPRECATED_OBJC_IMPLEMENTATIONS = YES;
				CLANG_WARN_DIRECT_OBJC_ISA_USAGE = YES_ERROR;
				CLANG_WARN_DOCUMENTATION_COMMENTS = YES;
				CLANG_WARN_EMPTY_BODY = YES;
				CLANG_WARN_ENUM_CONVERSION = YES;
				CLANG_WARN_INFINITE_RECURSION = YES;
				CLANG_WARN_INT_CONVERSION = YES;
				CLANG_WARN_NON_LITERAL_NULL_CONVERSION = YES;
				CLANG_WARN_OBJC_IMPLICIT_RETAIN_SELF = YES;
				CLANG_WARN_OBJC_LITERAL_CONVERSION = YES;
				CLANG_WARN_OBJC_ROOT_CLASS = YES_ERROR;
				CLANG_WARN_RANGE_LOOP_ANALYSIS = YES;
				CLANG_WARN_STRICT_PROTOTYPES = YES;
				CLANG_WARN_SUSPICIOUS_MOVE = YES;
				CLANG_WARN_UNGUARDED_AVAILABILITY = YES_AGGRESSIVE;
				CLANG_WARN_UNREACHABLE_CODE = YES;
				CLANG_WARN__DUPLICATE_METHOD_MATCH = YES;
				COPY_PHASE_STRIP = NO;
				DEBUG_INFORMATION_FORMAT = "dwarf-with-dsym";
				ENABLE_NS_ASSERTIONS = NO;
				ENABLE_STRICT_OBJC_MSGSEND = YES;
				GCC_C_LANGUAGE_STANDARD = gnu11;
				GCC_NO_COMMON_BLOCKS = YES;
				GCC_WARN_64_TO_32_BIT_CONVERSION = YES;
				GCC_WARN_ABOUT_RETURN_TYPE = YES_ERROR;
				GCC_WARN_UNDECLARED_SELECTOR = YES;
				GCC_WARN_UNINITIALIZED_AUTOS = YES_AGGRESSIVE;
				GCC_WARN_UNUSED_FUNCTION = YES;
				GCC_WARN_UNUSED_VARIABLE = YES;
				IPHONEOS_DEPLOYMENT_TARGET = 13.2;
				MTL_ENABLE_DEBUG_INFO = NO;
				MTL_FAST_MATH = YES;
				SDKROOT = iphoneos;
				SWIFT_COMPILATION_MODE = wholemodule;
				SWIFT_OPTIMIZATION_LEVEL = "-O";
				VALIDATE_PRODUCT = YES;
			};
			name = Release;
		};
		9D6E442325E4942C00231A57 /* Debug */ = {
			isa = XCBuildConfiguration;
			buildSettings = {
				ASSETCATALOG_COMPILER_APPICON_NAME = AppIcon;
				ASSETCATALOG_COMPILER_LAUNCHIMAGE_NAME = LaunchImage;
				CODE_SIGN_STYLE = Automatic;
				DEVELOPMENT_ASSET_PATHS = "\"weibo_v1.0/Preview Content\"";
				ENABLE_PREVIEWS = YES;
				INFOPLIST_FILE = weibo_v1.0/Info.plist;
				LD_RUNPATH_SEARCH_PATHS = (
					"$(inherited)",
					"@executable_path/Frameworks",
				);
				PRODUCT_BUNDLE_IDENTIFIER = "Xiangrui-Li.weibo-v1-0";
				PRODUCT_NAME = Weibo;
				SWIFT_VERSION = 5.0;
				TARGETED_DEVICE_FAMILY = "1,2";
			};
			name = Debug;
		};
		9D6E442425E4942C00231A57 /* Release */ = {
			isa = XCBuildConfiguration;
			buildSettings = {
				ASSETCATALOG_COMPILER_APPICON_NAME = AppIcon;
				ASSETCATALOG_COMPILER_LAUNCHIMAGE_NAME = LaunchImage;
				CODE_SIGN_STYLE = Automatic;
				DEVELOPMENT_ASSET_PATHS = "\"weibo_v1.0/Preview Content\"";
				ENABLE_PREVIEWS = YES;
				INFOPLIST_FILE = weibo_v1.0/Info.plist;
				LD_RUNPATH_SEARCH_PATHS = (
					"$(inherited)",
					"@executable_path/Frameworks",
				);
				PRODUCT_BUNDLE_IDENTIFIER = "Xiangrui-Li.weibo-v1-0";
				PRODUCT_NAME = Weibo;
				SWIFT_VERSION = 5.0;
				TARGETED_DEVICE_FAMILY = "1,2";
			};
			name = Release;
		};
		9D6E442625E4942C00231A57 /* Debug */ = {
			isa = XCBuildConfiguration;
			buildSettings = {
				ALWAYS_EMBED_SWIFT_STANDARD_LIBRARIES = YES;
				BUNDLE_LOADER = "$(TEST_HOST)";
				CODE_SIGN_STYLE = Automatic;
				INFOPLIST_FILE = weibo_v1.0Tests/Info.plist;
				IPHONEOS_DEPLOYMENT_TARGET = 13.2;
				LD_RUNPATH_SEARCH_PATHS = (
					"$(inherited)",
					"@executable_path/Frameworks",
					"@loader_path/Frameworks",
				);
				PRODUCT_BUNDLE_IDENTIFIER = "Xiangrui-Li.weibo-v1-0Tests";
				PRODUCT_NAME = "$(TARGET_NAME)";
				SWIFT_VERSION = 5.0;
				TARGETED_DEVICE_FAMILY = "1,2";
				TEST_HOST = "$(BUILT_PRODUCTS_DIR)/weibo_v1.0.app/weibo_v1.0";
			};
			name = Debug;
		};
		9D6E442725E4942C00231A57 /* Release */ = {
			isa = XCBuildConfiguration;
			buildSettings = {
				ALWAYS_EMBED_SWIFT_STANDARD_LIBRARIES = YES;
				BUNDLE_LOADER = "$(TEST_HOST)";
				CODE_SIGN_STYLE = Automatic;
				INFOPLIST_FILE = weibo_v1.0Tests/Info.plist;
				IPHONEOS_DEPLOYMENT_TARGET = 13.2;
				LD_RUNPATH_SEARCH_PATHS = (
					"$(inherited)",
					"@executable_path/Frameworks",
					"@loader_path/Frameworks",
				);
				PRODUCT_BUNDLE_IDENTIFIER = "Xiangrui-Li.weibo-v1-0Tests";
				PRODUCT_NAME = "$(TARGET_NAME)";
				SWIFT_VERSION = 5.0;
				TARGETED_DEVICE_FAMILY = "1,2";
				TEST_HOST = "$(BUILT_PRODUCTS_DIR)/weibo_v1.0.app/weibo_v1.0";
			};
			name = Release;
		};
		9D6E442925E4942C00231A57 /* Debug */ = {
			isa = XCBuildConfiguration;
			buildSettings = {
				ALWAYS_EMBED_SWIFT_STANDARD_LIBRARIES = YES;
				CODE_SIGN_STYLE = Automatic;
				INFOPLIST_FILE = weibo_v1.0UITests/Info.plist;
				LD_RUNPATH_SEARCH_PATHS = (
					"$(inherited)",
					"@executable_path/Frameworks",
					"@loader_path/Frameworks",
				);
				PRODUCT_BUNDLE_IDENTIFIER = "Xiangrui-Li.weibo-v1-0UITests";
				PRODUCT_NAME = "$(TARGET_NAME)";
				SWIFT_VERSION = 5.0;
				TARGETED_DEVICE_FAMILY = "1,2";
				TEST_TARGET_NAME = weibo_v1.0;
			};
			name = Debug;
		};
		9D6E442A25E4942C00231A57 /* Release */ = {
			isa = XCBuildConfiguration;
			buildSettings = {
				ALWAYS_EMBED_SWIFT_STANDARD_LIBRARIES = YES;
				CODE_SIGN_STYLE = Automatic;
				INFOPLIST_FILE = weibo_v1.0UITests/Info.plist;
				LD_RUNPATH_SEARCH_PATHS = (
					"$(inherited)",
					"@executable_path/Frameworks",
					"@loader_path/Frameworks",
				);
				PRODUCT_BUNDLE_IDENTIFIER = "Xiangrui-Li.weibo-v1-0UITests";
				PRODUCT_NAME = "$(TARGET_NAME)";
				SWIFT_VERSION = 5.0;
				TARGETED_DEVICE_FAMILY = "1,2";
				TEST_TARGET_NAME = weibo_v1.0;
			};
			name = Release;
		};
/* End XCBuildConfiguration section */

/* Begin XCConfigurationList section */
		9D6E43F325E4942A00231A57 /* Build configuration list for PBXProject "weibo_v1.0" */ = {
			isa = XCConfigurationList;
			buildConfigurations = (
				9D6E442025E4942C00231A57 /* Debug */,
				9D6E442125E4942C00231A57 /* Release */,
			);
			defaultConfigurationIsVisible = 0;
			defaultConfigurationName = Release;
		};
		9D6E442225E4942C00231A57 /* Build configuration list for PBXNativeTarget "weibo_v1.0" */ = {
			isa = XCConfigurationList;
			buildConfigurations = (
				9D6E442325E4942C00231A57 /* Debug */,
				9D6E442425E4942C00231A57 /* Release */,
			);
			defaultConfigurationIsVisible = 0;
			defaultConfigurationName = Release;
		};
		9D6E442525E4942C00231A57 /* Build configuration list for PBXNativeTarget "weibo_v1.0Tests" */ = {
			isa = XCConfigurationList;
			buildConfigurations = (
				9D6E442625E4942C00231A57 /* Debug */,
				9D6E442725E4942C00231A57 /* Release */,
			);
			defaultConfigurationIsVisible = 0;
			defaultConfigurationName = Release;
		};
		9D6E442825E4942C00231A57 /* Build configuration list for PBXNativeTarget "weibo_v1.0UITests" */ = {
			isa = XCConfigurationList;
			buildConfigurations = (
				9D6E442925E4942C00231A57 /* Debug */,
				9D6E442A25E4942C00231A57 /* Release */,
			);
			defaultConfigurationIsVisible = 0;
			defaultConfigurationName = Release;
		};
/* End XCConfigurationList section */
	};
	rootObject = 9D6E43F025E4942A00231A57 /* Project object */;
}
